{
    "_readme": [
        "This file locks the dependencies of your project to a known state",
        "Read more about it at https://getcomposer.org/doc/01-basic-usage.md#installing-dependencies",
        "This file is @generated automatically"
    ],
    "content-hash": "fa8942fa712eabaed6cf93cca7cd288a",
    "packages": [
        {
            "name": "payplug/payplug-php",
            "version": "4.0.0",
            "source": {
                "type": "git",
                "url": "https://github.com/payplug/payplug-php.git",
                "reference": "ad19dee72100668e14c8c4974a6791ca2d1c8482"
            },
            "dist": {
                "type": "zip",
                "url": "https://api.github.com/repos/payplug/payplug-php/zipball/ad19dee72100668e14c8c4974a6791ca2d1c8482",
                "reference": "ad19dee72100668e14c8c4974a6791ca2d1c8482",
                "shasum": ""
            },
            "require": {
                "ext-curl": "*",
                "ext-openssl": "*",
                "php": ">=5.3.0"
            },
            "require-dev": {
                "phpdocumentor/phpdocumentor": "2.*",
                "phpunit/phpunit": "5.7.*",
                "rector/rector": "^1.2"
            },
            "type": "library",
            "autoload": {
                "psr-0": {
                    "Payplug\\": "lib/"
                },
                "psr-4": {
                    "Payplug\\": "lib/Payplug"
                }
            },
            "notification-url": "https://packagist.org/downloads/",
            "license": [
                "MIT"
            ],
            "authors": [
                {
                    "name": "PayPlug",
                    "email": "support@payplug.com"
                }
            ],
            "description": "A simple PHP library for PayPlug public API.",
            "homepage": "https://www.payplug.com",
            "support": {
                "issues": "https://github.com/payplug/payplug-php/issues",
                "source": "https://github.com/payplug/payplug-php/tree/4.0.0"
            },
            "time": "2015-05-06T00:00:00+00:00"
        }
    ],
    "packages-dev": [],
    "aliases": [],
    "minimum-stability": "stable",
    "stability-flags": [],
    "prefer-stable": false,
    "prefer-lowest": false,
    "platform": {
        "php": ">=7.2"
    },
    "platform-dev": [],
    "plugin-api-version": "2.1.0"
}
